
Microsoft Visual Studio Solution File, Format Version 12.00
# Visual Studio Version 17
VisualStudioVersion = 17.0.31903.59
MinimumVisualStudioVersion = 10.0.40219.1
Project("{2150E333-8FDC-42A3-9474-1A3956D46DE8}") = "src", "src", "{827E0CD3-B72D-47B6-A68D-7590B98EB39B}"
EndProject
Project("{FAE04EC0-301F-11D3-BF4B-00C04F79EFBC}") = "Clywell.Primitives", "src\Clywell.Primitives\Clywell.Primitives.csproj", "{26EBC9EE-02C8-4F17-9F3D-B37772D8CA1C}"
EndProject
Project("{2150E333-8FDC-42A3-9474-1A3956D46DE8}") = "tests", "tests", "{0AB3BF05-4346-4AA6-1389-037BE0695223}"
EndProject
Project("{FAE04EC0-301F-11D3-BF4B-00C04F79EFBC}") = "Clywell.Primitives.Tests", "tests\Clywell.Primitives.Tests\Clywell.Primitives.Tests.csproj", "{55CDAB49-96F0-464E-949D-A43F82A4122E}"
EndProject
Global
	GlobalSection(SolutionConfigurationPlatforms) = preSolution
		Debug|Any CPU = Debug|Any CPU
		Debug|x64 = Debug|x64
		Debug|x86 = Debug|x86
		Release|Any CPU = Release|Any CPU
		Release|x64 = Release|x64
		Release|x86 = Release|x86
	EndGlobalSection
	GlobalSection(ProjectConfigurationPlatforms) = postSolution
		{26EBC9EE-02C8-4F17-9F3D-B37772D8CA1C}.Debug|Any CPU.ActiveCfg = Debug|Any CPU
		{26EBC9EE-02C8-4F17-9F3D-B37772D8CA1C}.Debug|Any CPU.Build.0 = Debug|Any CPU
		{26EBC9EE-02C8-4F17-9F3D-B37772D8CA1C}.Debug|x64.ActiveCfg = Debug|Any CPU
		{26EBC9EE-02C8-4F17-9F3D-B37772D8CA1C}.Debug|x64.Build.0 = Debug|Any CPU
		{26EBC9EE-02C8-4F17-9F3D-B37772D8CA1C}.Debug|x86.ActiveCfg = Debug|Any CPU
		{26EBC9EE-02C8-4F17-9F3D-B37772D8CA1C}.Debug|x86.Build.0 = Debug|Any CPU
		{26EBC9EE-02C8-4F17-9F3D-B37772D8CA1C}.Release|Any CPU.ActiveCfg = Release|Any CPU
		{26EBC9EE-02C8-4F17-9F3D-B37772D8CA1C}.Release|Any CPU.Build.0 = Release|Any CPU
		{26EBC9EE-02C8-4F17-9F3D-B37772D8CA1C}.Release|x64.ActiveCfg = Release|Any CPU
		{26EBC9EE-02C8-4F17-9F3D-B37772D8CA1C}.Release|x64.Build.0 = Release|Any CPU
		{26EBC9EE-02C8-4F17-9F3D-B37772D8CA1C}.Release|x86.ActiveCfg = Release|Any CPU
		{26EBC9EE-02C8-4F17-9F3D-B37772D8CA1C}.Release|x86.Build.0 = Release|Any CPU
		{55CDAB49-96F0-464E-949D-A43F82A4122E}.Debug|Any CPU.ActiveCfg = Debug|Any CPU
		{55CDAB49-96F0-464E-949D-A43F82A4122E}.Debug|Any CPU.Build.0 = Debug|Any CPU
		{55CDAB49-96F0-464E-949D-A43F82A4122E}.Debug|x64.ActiveCfg = Debug|Any CPU
		{55CDAB49-96F0-464E-949D-A43F82A4122E}.Debug|x64.Build.0 = Debug|Any CPU
		{55CDAB49-96F0-464E-949D-A43F82A4122E}.Debug|x86.ActiveCfg = Debug|Any CPU
		{55CDAB49-96F0-464E-949D-A43F82A4122E}.Debug|x86.Build.0 = Debug|Any CPU
		{55CDAB49-96F0-464E-949D-A43F82A4122E}.Release|Any CPU.ActiveCfg = Release|Any CPU
		{55CDAB49-96F0-464E-949D-A43F82A4122E}.Release|Any CPU.Build.0 = Release|Any CPU
		{55CDAB49-96F0-464E-949D-A43F82A4122E}.Release|x64.ActiveCfg = Release|Any CPU
		{55CDAB49-96F0-464E-949D-A43F82A4122E}.Release|x64.Build.0 = Release|Any CPU
		{55CDAB49-96F0-464E-949D-A43F82A4122E}.Release|x86.ActiveCfg = Release|Any CPU
		{55CDAB49-96F0-464E-949D-A43F82A4122E}.Release|x86.Build.0 = Release|Any CPU
	EndGlobalSection
	GlobalSection(SolutionProperties) = preSolution
		HideSolutionNode = FALSE
	EndGlobalSection
	GlobalSection(NestedProjects) = preSolution
		{26EBC9EE-02C8-4F17-9F3D-B37772D8CA1C} = {827E0CD3-B72D-47B6-A68D-7590B98EB39B}
		{55CDAB49-96F0-464E-949D-A43F82A4122E} = {0AB3BF05-4346-4AA6-1389-037BE0695223}
	EndGlobalSection
EndGlobal
